
Microsoft Visual Studio Solution File, Format Version 12.00
# Visual Studio Version 17
VisualStudioVersion = 17.3.32929.385
MinimumVisualStudioVersion = 10.0.40219.1
Project("{FAE04EC0-301F-11D3-BF4B-00C04F79EFBC}") = "Desafio.Marin.API", "Desafio.Marin.API\Desafio.Marin.API.csproj", "{ED6CFBE4-0E35-4164-90BC-7C6E72CEF815}"
EndProject
Project("{FAE04EC0-301F-11D3-BF4B-00C04F79EFBC}") = "Desafio.Marin.Aplicacao", "Desafio.Marin.Aplicacao\Desafio.Marin.Aplicacao.csproj", "{71BEB704-9249-423B-9E14-84C3A5A93D60}"
EndProject
Project("{FAE04EC0-301F-11D3-BF4B-00C04F79EFBC}") = "Desafio.Marin.Dominio", "Desafio.Marin.Dominio\Desafio.Marin.Dominio.csproj", "{B670CB44-67DC-457C-BA07-2DBA5CBBC197}"
EndProject
Project("{FAE04EC0-301F-11D3-BF4B-00C04F79EFBC}") = "Desafio.Marin.Infra", "Desafio.Marin.Infra\Desafio.Marin.Infra.csproj", "{1658C722-D2EE-4CE3-906B-B159559AFEF9}"
EndProject
Global
	GlobalSection(SolutionConfigurationPlatforms) = preSolution
		Debug|Any CPU = Debug|Any CPU
		Release|Any CPU = Release|Any CPU
	EndGlobalSection
	GlobalSection(ProjectConfigurationPlatforms) = postSolution
		{ED6CFBE4-0E35-4164-90BC-7C6E72CEF815}.Debug|Any CPU.ActiveCfg = Debug|Any CPU
		{ED6CFBE4-0E35-4164-90BC-7C6E72CEF815}.Debug|Any CPU.Build.0 = Debug|Any CPU
		{ED6CFBE4-0E35-4164-90BC-7C6E72CEF815}.Release|Any CPU.ActiveCfg = Release|Any CPU
		{ED6CFBE4-0E35-4164-90BC-7C6E72CEF815}.Release|Any CPU.Build.0 = Release|Any CPU
		{71BEB704-9249-423B-9E14-84C3A5A93D60}.Debug|Any CPU.ActiveCfg = Debug|Any CPU
		{71BEB704-9249-423B-9E14-84C3A5A93D60}.Debug|Any CPU.Build.0 = Debug|Any CPU
		{71BEB704-9249-423B-9E14-84C3A5A93D60}.Release|Any CPU.ActiveCfg = Release|Any CPU
		{71BEB704-9249-423B-9E14-84C3A5A93D60}.Release|Any CPU.Build.0 = Release|Any CPU
		{B670CB44-67DC-457C-BA07-2DBA5CBBC197}.Debug|Any CPU.ActiveCfg = Debug|Any CPU
		{B670CB44-67DC-457C-BA07-2DBA5CBBC197}.Debug|Any CPU.Build.0 = Debug|Any CPU
		{B670CB44-67DC-457C-BA07-2DBA5CBBC197}.Release|Any CPU.ActiveCfg = Release|Any CPU
		{B670CB44-67DC-457C-BA07-2DBA5CBBC197}.Release|Any CPU.Build.0 = Release|Any CPU
		{1658C722-D2EE-4CE3-906B-B159559AFEF9}.Debug|Any CPU.ActiveCfg = Debug|Any CPU
		{1658C722-D2EE-4CE3-906B-B159559AFEF9}.Debug|Any CPU.Build.0 = Debug|Any CPU
		{1658C722-D2EE-4CE3-906B-B159559AFEF9}.Release|Any CPU.ActiveCfg = Release|Any CPU
		{1658C722-D2EE-4CE3-906B-B159559AFEF9}.Release|Any CPU.Build.0 = Release|Any CPU
	EndGlobalSection
	GlobalSection(SolutionProperties) = preSolution
		HideSolutionNode = FALSE
	EndGlobalSection
	GlobalSection(ExtensibilityGlobals) = postSolution
		SolutionGuid = {CB155C6A-4661-47B7-A0A7-9E56908CB1B8}
	EndGlobalSection
EndGlobal
